
Microsoft Visual Studio Solution File, Format Version 12.00
# Visual Studio Version 17
VisualStudioVersion = 17.3.32811.315
MinimumVisualStudioVersion = 10.0.40219.1
Project("{FAE04EC0-301F-11D3-BF4B-00C04F79EFBC}") = "RazorPagesMovie", "RazorPagesMovie\RazorPagesMovie.csproj", "{05A836C1-12B8-4AA6-8A3D-8633F59CBBCF}"
EndProject
Global
	GlobalSection(SolutionConfigurationPlatforms) = preSolution
		Debug|Any CPU = Debug|Any CPU
		Release|Any CPU = Release|Any CPU
	EndGlobalSection
	GlobalSection(ProjectConfigurationPlatforms) = postSolution
		{05A836C1-12B8-4AA6-8A3D-8633F59CBBCF}.Debug|Any CPU.ActiveCfg = Debug|Any CPU
		{05A836C1-12B8-4AA6-8A3D-8633F59CBBCF}.Debug|Any CPU.Build.0 = Debug|Any CPU
		{05A836C1-12B8-4AA6-8A3D-8633F59CBBCF}.Release|Any CPU.ActiveCfg = Release|Any CPU
		{05A836C1-12B8-4AA6-8A3D-8633F59CBBCF}.Release|Any CPU.Build.0 = Release|Any CPU
	EndGlobalSection
	GlobalSection(SolutionProperties) = preSolution
		HideSolutionNode = FALSE
	EndGlobalSection
	GlobalSection(ExtensibilityGlobals) = postSolution
		SolutionGuid = {147E3A0C-4640-4595-B0F9-E7FE7B76EE39}
	EndGlobalSection
EndGlobal
